
Microsoft Visual Studio Solution File, Format Version 12.00
# Visual Studio Version 16
VisualStudioVersion = 16.0.31313.79
MinimumVisualStudioVersion = 10.0.40219.1
Project("{FAE04EC0-301F-11D3-BF4B-00C04F79EFBC}") = "SalesWebMvc", "SalesWebMvc\SalesWebMvc.csproj", "{7C15A713-4523-4756-8CFC-98CFFC8A4EC1}"
EndProject
Global
	GlobalSection(SolutionConfigurationPlatforms) = preSolution
		Debug|Any CPU = Debug|Any CPU
		Release|Any CPU = Release|Any CPU
	EndGlobalSection
	GlobalSection(ProjectConfigurationPlatforms) = postSolution
		{7C15A713-4523-4756-8CFC-98CFFC8A4EC1}.Debug|Any CPU.ActiveCfg = Debug|Any CPU
		{7C15A713-4523-4756-8CFC-98CFFC8A4EC1}.Debug|Any CPU.Build.0 = Debug|Any CPU
		{7C15A713-4523-4756-8CFC-98CFFC8A4EC1}.Release|Any CPU.ActiveCfg = Release|Any CPU
		{7C15A713-4523-4756-8CFC-98CFFC8A4EC1}.Release|Any CPU.Build.0 = Release|Any CPU
	EndGlobalSection
	GlobalSection(SolutionProperties) = preSolution
		HideSolutionNode = FALSE
	EndGlobalSection
	GlobalSection(ExtensibilityGlobals) = postSolution
		SolutionGuid = {72A708B9-153F-475B-81E9-5E13CBC4128D}
	EndGlobalSection
EndGlobal
